
Microsoft Visual Studio Solution File, Format Version 12.00
# Visual Studio Version 17
VisualStudioVersion = 17.11.35222.181
MinimumVisualStudioVersion = 10.0.40219.1
Project("{FAE04EC0-301F-11D3-BF4B-00C04F79EFBC}") = "InterfaceDemo_oct_061224", "InterfaceDemo_oct_061224\InterfaceDemo_oct_061224.csproj", "{F7ADAA39-A310-4013-90A5-F0A3B7BD497B}"
EndProject
Global
	GlobalSection(SolutionConfigurationPlatforms) = preSolution
		Debug|Any CPU = Debug|Any CPU
		Release|Any CPU = Release|Any CPU
	EndGlobalSection
	GlobalSection(ProjectConfigurationPlatforms) = postSolution
		{F7ADAA39-A310-4013-90A5-F0A3B7BD497B}.Debug|Any CPU.ActiveCfg = Debug|Any CPU
		{F7ADAA39-A310-4013-90A5-F0A3B7BD497B}.Debug|Any CPU.Build.0 = Debug|Any CPU
		{F7ADAA39-A310-4013-90A5-F0A3B7BD497B}.Release|Any CPU.ActiveCfg = Release|Any CPU
		{F7ADAA39-A310-4013-90A5-F0A3B7BD497B}.Release|Any CPU.Build.0 = Release|Any CPU
	EndGlobalSection
	GlobalSection(SolutionProperties) = preSolution
		HideSolutionNode = FALSE
	EndGlobalSection
	GlobalSection(ExtensibilityGlobals) = postSolution
		SolutionGuid = {67491765-496E-48A9-8274-88B0F992593D}
	EndGlobalSection
EndGlobal
